<?xml version="1.0" encoding="utf-8"?>
<Project ToolsVersion="4.0" xmlns="http://schemas.microsoft.com/developer/msbuild/2003">
  <ItemGroup>
    <Filter Include="Source">
      <UniqueIdentifier>{a56622f9-f7a3-4dfd-b414-32007e9f793e}</UniqueIdentifier>
    </Filter>
    <Filter Include="Source\Player">
      <UniqueIdentifier>{77f3d16f-0a9b-4692-a2e7-fa7611f225a0}</UniqueIdentifier>
    </Filter>
    <Filter Include="Source\Enviroment">
      <UniqueIdentifier>{7d6723fd-e14f-4cc5-8734-ac2ed851952c}</UniqueIdentifier>
    </Filter>
    <Filter Include="Source\Enemy">
      <UniqueIdentifier>{b7ef534b-a997-4f31-81ee-b8284f10d140}</UniqueIdentifier>
    </Filter>
    <Filter Include="Source\GamePlay">
      <UniqueIdentifier>{4FC737F1-C7A5-4376-A066-2A32D752A2FF}</UniqueIdentifier>
      <Extensions>cpp;c;cc;cxx;c++;cppm;ixx;def;odl;idl;hpj;bat;asm;asmx</Extensions>
    </Filter>
    <Filter Include="Source\Player\PlayerAnimation">
      <UniqueIdentifier>{ee284eff-d748-4003-99ed-5eb3bda9e08b}</UniqueIdentifier>
    </Filter>
    <Filter Include="Source\MiniLib">
      <UniqueIdentifier>{d417cfb9-0e79-422c-a0f5-50190993958f}</UniqueIdentifier>
    </Filter>
    <Filter Include="Source\Objects">
      <UniqueIdentifier>{ccd9f9f3-1fd5-44e3-8002-683e38589c6d}</UniqueIdentifier>
    </Filter>
    <Filter Include="Source\Enemy\EnemyAnimation">
      <UniqueIdentifier>{2685f122-e47f-4c94-b45f-6c1706ff203d}</UniqueIdentifier>
    </Filter>
    <Filter Include="Source\Score">
      <UniqueIdentifier>{c6fd7b07-7e95-4487-be0b-b74951d2ba66}</UniqueIdentifier>
    </Filter>
    <Filter Include="Source\Check">
      <UniqueIdentifier>{eb3b4f72-8f25-4f58-bb99-f43564c6631b}</UniqueIdentifier>
    </Filter>
  </ItemGroup>
  <ItemGroup>
    <ClCompile Include="main.cpp">
      <Filter>Source\GamePlay</Filter>
    </ClCompile>
    <ClCompile Include="Skydome.cpp">
      <Filter>Source\Enviroment</Filter>
    </ClCompile>
    <ClCompile Include="PlayerBase.cpp">
      <Filter>Source\Player</Filter>
    </ClCompile>
    <ClCompile Include="Camera.cpp">
      <Filter>Source\Enviroment</Filter>
    </ClCompile>
    <ClCompile Include="EnemyBase.cpp">
      <Filter>Source\Enemy</Filter>
    </ClCompile>
    <ClCompile Include="Input.cpp">
      <Filter>Source\Player</Filter>
    </ClCompile>
    <ClCompile Include="PlayerMove.cpp">
      <Filter>Source\Player</Filter>
    </ClCompile>
    <ClCompile Include="Stage.cpp">
      <Filter>Source\Enviroment</Filter>
    </ClCompile>
    <ClCompile Include="EnemyAStar.cpp">
      <Filter>Source\Enemy</Filter>
    </ClCompile>
    <ClCompile Include="PlayerAnimBase.cpp">
      <Filter>Source\Player\PlayerAnimation</Filter>
    </ClCompile>
    <ClCompile Include="PlayerIdle.cpp">
      <Filter>Source\Player\PlayerAnimation</Filter>
    </ClCompile>
    <ClCompile Include="ChaseEnemy.cpp">
      <Filter>Source\Enemy</Filter>
    </ClCompile>
    <ClCompile Include="CheckChaseRange.cpp">
      <Filter>Source\Enemy</Filter>
    </ClCompile>
    <ClCompile Include="Color.cpp">
      <Filter>Source\MiniLib</Filter>
    </ClCompile>
    <ClCompile Include="EnemyAnimationManager.cpp">
      <Filter>Source\Enemy\EnemyAnimation</Filter>
    </ClCompile>
    <ClCompile Include="ScoreBase.cpp">
      <Filter>Source\Score</Filter>
    </ClCompile>
    <ClCompile Include="MapChip.cpp">
      <Filter>Source\Enviroment</Filter>
    </ClCompile>
    <ClCompile Include="Fragment.cpp">
      <Filter>Source\Objects</Filter>
    </ClCompile>
    <ClCompile Include="ObjectBase.cpp">
      <Filter>Source\Objects</Filter>
    </ClCompile>
    <ClCompile Include="ScoreEffect.cpp">
      <Filter>Source\Score</Filter>
    </ClCompile>
    <ClCompile Include="CheckGetScore.cpp">
      <Filter>Source\Check</Filter>
    </ClCompile>
  </ItemGroup>
  <ItemGroup>
    <ClInclude Include="Skydome.h">
      <Filter>Source\Enviroment</Filter>
    </ClInclude>
    <ClInclude Include="PlayerBase.h">
      <Filter>Source\Player</Filter>
    </ClInclude>
    <ClInclude Include="Camera.h">
      <Filter>Source\Enviroment</Filter>
    </ClInclude>
    <ClInclude Include="EnemyBase.h">
      <Filter>Source\Enemy</Filter>
    </ClInclude>
    <ClInclude Include="Input.h">
      <Filter>Source\Player</Filter>
    </ClInclude>
    <ClInclude Include="PlayerMove.h">
      <Filter>Source\Player</Filter>
    </ClInclude>
    <ClInclude Include="Stage.h">
      <Filter>Source\Enviroment</Filter>
    </ClInclude>
    <ClInclude Include="EnemyAStar.h">
      <Filter>Source\Enemy</Filter>
    </ClInclude>
    <ClInclude Include="PlayerAnimBase.h">
      <Filter>Source\Player\PlayerAnimation</Filter>
    </ClInclude>
    <ClInclude Include="PlayerIdle.h">
      <Filter>Source\Player\PlayerAnimation</Filter>
    </ClInclude>
    <ClInclude Include="ChaseEnemy.h">
      <Filter>Source\Enemy</Filter>
    </ClInclude>
    <ClInclude Include="CheckChaseRange.h">
      <Filter>Source\Enemy</Filter>
    </ClInclude>
    <ClInclude Include="Color.h">
      <Filter>Source\MiniLib</Filter>
    </ClInclude>
    <ClInclude Include="Pallet.h">
      <Filter>Source\MiniLib</Filter>
    </ClInclude>
    <ClInclude Include="EnemyAnimationManager.h">
      <Filter>Source\Enemy\EnemyAnimation</Filter>
    </ClInclude>
    <ClInclude Include="MapChip.h">
      <Filter>Source\Enviroment</Filter>
    </ClInclude>
    <ClInclude Include="ScoreBase.h">
      <Filter>Source\Score</Filter>
    </ClInclude>
    <ClInclude Include="Fragment.h">
      <Filter>Source\Objects</Filter>
    </ClInclude>
    <ClInclude Include="ObjectBase.h">
      <Filter>Source\Objects</Filter>
    </ClInclude>
    <ClInclude Include="ScoreEffect.h">
      <Filter>Source\Score</Filter>
    </ClInclude>
    <ClInclude Include="CheckGetScore.h">
      <Filter>Source\Check</Filter>
    </ClInclude>
  </ItemGroup>
  <ItemGroup>
    <None Include="MapChip.csv">
      <Filter>Source\Enviroment</Filter>
    </None>
  </ItemGroup>
</Project>